
Microsoft Visual Studio Solution File, Format Version 12.00
# Visual Studio Version 16
VisualStudioVersion = 16.0.32428.217
MinimumVisualStudioVersion = 10.0.40219.1
Project("{FAE04EC0-301F-11D3-BF4B-00C04F79EFBC}") = "Running linux commands", "Running linux commands\Running linux commands.csproj", "{6B9EA77D-E01D-457D-BA5D-730AFBEEF28F}"
EndProject
Global
	GlobalSection(SolutionConfigurationPlatforms) = preSolution
		Debug|Any CPU = Debug|Any CPU
		Release|Any CPU = Release|Any CPU
	EndGlobalSection
	GlobalSection(ProjectConfigurationPlatforms) = postSolution
		{6B9EA77D-E01D-457D-BA5D-730AFBEEF28F}.Debug|Any CPU.ActiveCfg = Debug|Any CPU
		{6B9EA77D-E01D-457D-BA5D-730AFBEEF28F}.Debug|Any CPU.Build.0 = Debug|Any CPU
		{6B9EA77D-E01D-457D-BA5D-730AFBEEF28F}.Release|Any CPU.ActiveCfg = Release|Any CPU
		{6B9EA77D-E01D-457D-BA5D-730AFBEEF28F}.Release|Any CPU.Build.0 = Release|Any CPU
	EndGlobalSection
	GlobalSection(SolutionProperties) = preSolution
		HideSolutionNode = FALSE
	EndGlobalSection
	GlobalSection(ExtensibilityGlobals) = postSolution
		SolutionGuid = {C3AF4294-5082-4302-A464-D046C8F0DF00}
	EndGlobalSection
EndGlobal
